{
  "name": "tstest",
  "version": "1.0.0",
  "lockfileVersion": 1,
  "requires": true,
  "dependencies": {
    "@types/dotenv": {
      "version": "6.1.1",
      "resolved": "https://registry.npmjs.org/@types/dotenv/-/dotenv-6.1.1.tgz",
      "integrity": "sha512-ftQl3DtBvqHl9L16tpqqzA4YzCSXZfi7g8cQceTz5rOlYtk/IZbFjAv3mLOQlNIgOaylCQWQoBdDQHPgEBJPHg==",
      "requires": {
        "@types/node": "*"
      }
    },
    "@types/node": {
      "version": "11.12.1",
      "resolved": "https://registry.npmjs.org/@types/node/-/node-11.12.1.tgz",
      "integrity": "sha512-sKDlqv6COJrR7ar0+GqqhrXQDzQlMcqMnF2iEU6m9hLo8kxozoAGUazwPyELHlRVmjsbvlnGXjnzyptSXVmceA=="
    },
    "@types/sprintf-js": {
      "version": "1.1.2",
      "resolved": "https://registry.npmjs.org/@types/sprintf-js/-/sprintf-js-1.1.2.tgz",
      "integrity": "sha512-hkgzYF+qnIl8uTO8rmUSVSfQ8BIfMXC4yJAF4n8BE758YsKBZvFC4NumnAegj7KmylP0liEZNpb9RRGFMbFejA=="
    },
    "@types/typescript": {
      "version": "2.0.0",
      "resolved": "https://registry.npmjs.org/@types/typescript/-/typescript-2.0.0.tgz",
      "integrity": "sha1-xDNTnJi64oaCswfqp6D9IRW4PCg=",
      "requires": {
        "typescript": "*"
      }
    },
    "dgram": {
      "version": "1.0.1",
      "resolved": "https://registry.npmjs.org/dgram/-/dgram-1.0.1.tgz",
      "integrity": "sha1-N/OyAPgDOl/3WTAwicgc42G2UcM="
    },
    "dotenv": {
      "version": "7.0.0",
      "resolved": "https://registry.npmjs.org/dotenv/-/dotenv-7.0.0.tgz",
      "integrity": "sha512-M3NhsLbV1i6HuGzBUH8vXrtxOk+tWmzWKDMbAVSUp3Zsjm7ywFeuwrUXhmhQyRK1q5B5GGy7hcXPbj3bnfZg2g=="
    },
    "sprintf": {
      "version": "0.1.5",
      "resolved": "https://registry.npmjs.org/sprintf/-/sprintf-0.1.5.tgz",
      "integrity": "sha1-j4PjmpMXwaUCy324BQ5Rxnn27c8="
    },
    "sprintf-js": {
      "version": "1.1.2",
      "resolved": "https://registry.npmjs.org/sprintf-js/-/sprintf-js-1.1.2.tgz",
      "integrity": "sha512-VE0SOVEHCk7Qc8ulkWw3ntAzXuqf7S2lvwQaDLRnUeIEaKNQJzV6BwmLKhOqT61aGhfUMrXeaBk+oDGCzvhcug=="
    },
    "typescript": {
      "version": "3.3.4000",
      "resolved": "https://registry.npmjs.org/typescript/-/typescript-3.3.4000.tgz",
      "integrity": "sha512-jjOcCZvpkl2+z7JFn0yBOoLQyLoIkNZAs/fYJkUG6VKy6zLPHJGfQJYFHzibB6GJaF/8QrcECtlQ5cpvRHSMEA=="
    }
  }
}
